
Microsoft Visual Studio Solution File, Format Version 12.00
# Visual Studio Version 16
VisualStudioVersion = 16.0.31911.196
MinimumVisualStudioVersion = 10.0.40219.1
Project("{888888A0-9F3D-457C-B088-3A5042F75D52}") = "WebScrapping", "WebScrapping.pyproj", "{EEB4D33A-AA55-4A9A-962E-1991E492F7C3}"
EndProject
Global
	GlobalSection(SolutionConfigurationPlatforms) = preSolution
		Debug|Any CPU = Debug|Any CPU
		Release|Any CPU = Release|Any CPU
	EndGlobalSection
	GlobalSection(ProjectConfigurationPlatforms) = postSolution
		{EEB4D33A-AA55-4A9A-962E-1991E492F7C3}.Debug|Any CPU.ActiveCfg = Debug|Any CPU
		{EEB4D33A-AA55-4A9A-962E-1991E492F7C3}.Release|Any CPU.ActiveCfg = Release|Any CPU
	EndGlobalSection
	GlobalSection(SolutionProperties) = preSolution
		HideSolutionNode = FALSE
	EndGlobalSection
	GlobalSection(ExtensibilityGlobals) = postSolution
		SolutionGuid = {C1257808-C9F5-4DD0-91F9-2D55F6F1ED99}
	EndGlobalSection
EndGlobal
